{
  "name": "house-slave",
  "lockfileVersion": 2,
  "requires": true,
  "packages": {
    "": {
      "dependencies": {
        "@vant/weapp": "^1.8.3"
      }
    },
    "node_modules/@vant/weapp": {
      "version": "1.8.3",
      "resolved": "https://registry.npmjs.org/@vant/weapp/-/weapp-1.8.3.tgz",
      "integrity": "sha512-hePGNEfRbyEw9bIz6GXIkgxHM3xlfFL0MtNmLv7gGqAvyF/s4H1t6v1l9kfhXXBU+7ac7SUufbJ5r38dVSl8vA=="
    }
  },
  "dependencies": {
    "@vant/weapp": {
      "version": "1.8.3",
      "resolved": "https://registry.npmjs.org/@vant/weapp/-/weapp-1.8.3.tgz",
      "integrity": "sha512-hePGNEfRbyEw9bIz6GXIkgxHM3xlfFL0MtNmLv7gGqAvyF/s4H1t6v1l9kfhXXBU+7ac7SUufbJ5r38dVSl8vA=="
    }
  }
}
